// !$*UTF8*$!
{
	archiveVersion = 1;
	classes = {
	};
	objectVersion = 55;
	objects = {

/* Begin PBXBuildFile section */
		6319470E283A686400F6F05E /* AppDelegate.swift in Sources */ = {isa = PBXBuildFile; fileRef = 6319470D283A686400F6F05E /* AppDelegate.swift */; };
		63194710283A686400F6F05E /* SceneDelegate.swift in Sources */ = {isa = PBXBuildFile; fileRef = 6319470F283A686400F6F05E /* SceneDelegate.swift */; };
		63194712283A686400F6F05E /* MapsViewController.swift in Sources */ = {isa = PBXBuildFile; fileRef = 63194711283A686400F6F05E /* MapsViewController.swift */; };
		63194715283A686400F6F05E /* Main.storyboard in Resources */ = {isa = PBXBuildFile; fileRef = 63194713283A686400F6F05E /* Main.storyboard */; };
		63194718283A686400F6F05E /* HaritalarUygulamasi.xcdatamodeld in Sources */ = {isa = PBXBuildFile; fileRef = 63194716283A686400F6F05E /* HaritalarUygulamasi.xcdatamodeld */; };
		6319471A283A686600F6F05E /* Assets.xcassets in Resources */ = {isa = PBXBuildFile; fileRef = 63194719283A686600F6F05E /* Assets.xcassets */; };
		6319471D283A686600F6F05E /* LaunchScreen.storyboard in Resources */ = {isa = PBXBuildFile; fileRef = 6319471B283A686600F6F05E /* LaunchScreen.storyboard */; };
		63194725283A83F100F6F05E /* ListViewController.swift in Sources */ = {isa = PBXBuildFile; fileRef = 63194724283A83F100F6F05E /* ListViewController.swift */; };
/* End PBXBuildFile section */

/* Begin PBXFileReference section */
		6319470A283A686400F6F05E /* HaritalarUygulamasi.app */ = {isa = PBXFileReference; explicitFileType = wrapper.application; includeInIndex = 0; path = HaritalarUygulamasi.app; sourceTree = BUILT_PRODUCTS_DIR; };
		6319470D283A686400F6F05E /* AppDelegate.swift */ = {isa = PBXFileReference; lastKnownFileType = sourcecode.swift; path = AppDelegate.swift; sourceTree = "<group>"; };
		6319470F283A686400F6F05E /* SceneDelegate.swift */ = {isa = PBXFileReference; lastKnownFileType = sourcecode.swift; path = SceneDelegate.swift; sourceTree = "<group>"; };
		63194711283A686400F6F05E /* MapsViewController.swift */ = {isa = PBXFileReference; lastKnownFileType = sourcecode.swift; path = MapsViewController.swift; sourceTree = "<group>"; };
		63194714283A686400F6F05E /* Base */ = {isa = PBXFileReference; lastKnownFileType = file.storyboard; name = Base; path = Base.lproj/Main.storyboard; sourceTree = "<group>"; };
		63194717283A686400F6F05E /* HaritalarUygulamasi.xcdatamodel */ = {isa = PBXFileReference; lastKnownFileType = wrapper.xcdatamodel; path = HaritalarUygulamasi.xcdatamodel; sourceTree = "<group>"; };
		63194719283A686600F6F05E /* Assets.xcassets */ = {isa = PBXFileReference; lastKnownFileType = folder.assetcatalog; path = Assets.xcassets; sourceTree = "<group>"; };
		6319471C283A686600F6F05E /* Base */ = {isa = PBXFileReference; lastKnownFileType = file.storyboard; name = Base; path = Base.lproj/LaunchScreen.storyboard; sourceTree = "<group>"; };
		6319471E283A686600F6F05E /* Info.plist */ = {isa = PBXFileReference; lastKnownFileType = text.plist.xml; path = Info.plist; sourceTree = "<group>"; };
		63194724283A83F100F6F05E /* ListViewController.swift */ = {isa = PBXFileReference; lastKnownFileType = sourcecode.swift; path = ListViewController.swift; sourceTree = "<group>"; };
		63194726283AB31B00F6F05E /* HaritalarUygulamasi.entitlements */ = {isa = PBXFileReference; lastKnownFileType = text.plist.entitlements; path = HaritalarUygulamasi.entitlements; sourceTree = "<group>"; };
/* End PBXFileReference section */

/* Begin PBXFrameworksBuildPhase section */
		63194707283A686400F6F05E /* Frameworks */ = {
			isa = PBXFrameworksBuildPhase;
			buildActionMask = 2147483647;
			files = (
			);
			runOnlyForDeploymentPostprocessing = 0;
		};
/* End PBXFrameworksBuildPhase section */

/* Begin PBXGroup section */
		63194701283A686400F6F05E = {
			isa = PBXGroup;
			children = (
				6319470C283A686400F6F05E /* HaritalarUygulamasi */,
				6319470B283A686400F6F05E /* Products */,
			);
			sourceTree = "<group>";
		};
		6319470B283A686400F6F05E /* Products */ = {
			isa = PBXGroup;
			children = (
				6319470A283A686400F6F05E /* HaritalarUygulamasi.app */,
			);
			name = Products;
			sourceTree = "<group>";
		};
		6319470C283A686400F6F05E /* HaritalarUygulamasi */ = {
			isa = PBXGroup;
			children = (
				63194726283AB31B00F6F05E /* HaritalarUygulamasi.entitlements */,
				6319470D283A686400F6F05E /* AppDelegate.swift */,
				6319470F283A686400F6F05E /* SceneDelegate.swift */,
				63194711283A686400F6F05E /* MapsViewController.swift */,
				63194713283A686400F6F05E /* Main.storyboard */,
				63194724283A83F100F6F05E /* ListViewController.swift */,
				63194719283A686600F6F05E /* Assets.xcassets */,
				6319471B283A686600F6F05E /* LaunchScreen.storyboard */,
				6319471E283A686600F6F05E /* Info.plist */,
				63194716283A686400F6F05E /* HaritalarUygulamasi.xcdatamodeld */,
			);
			path = HaritalarUygulamasi;
			sourceTree = "<group>";
		};
/* End PBXGroup section */

/* Begin PBXNativeTarget section */
		63194709283A686400F6F05E /* HaritalarUygulamasi */ = {
			isa = PBXNativeTarget;
			buildConfigurationList = 63194721283A686600F6F05E /* Build configuration list for PBXNativeTarget "HaritalarUygulamasi" */;
			buildPhases = (
				63194706283A686400F6F05E /* Sources */,
				63194707283A686400F6F05E /* Frameworks */,
				63194708283A686400F6F05E /* Resources */,
			);
			buildRules = (
			);
			dependencies = (
			);
			name = HaritalarUygulamasi;
			productName = HaritalarUygulamasi;
			productReference = 6319470A283A686400F6F05E /* HaritalarUygulamasi.app */;
			productType = "com.apple.product-type.application";
		};
/* End PBXNativeTarget section */

/* Begin PBXProject section */
		63194702283A686400F6F05E /* Project object */ = {
			isa = PBXProject;
			attributes = {
				BuildIndependentTargetsInParallel = 1;
				LastSwiftUpdateCheck = 1330;
				LastUpgradeCheck = 1330;
				TargetAttributes = {
					63194709283A686400F6F05E = {
						CreatedOnToolsVersion = 13.3.1;
					};
				};
			};
			buildConfigurationList = 63194705283A686400F6F05E /* Build configuration list for PBXProject "HaritalarUygulamasi" */;
			compatibilityVersion = "Xcode 13.0";
			developmentRegion = en;
			hasScannedForEncodings = 0;
			knownRegions = (
				en,
				Base,
			);
			mainGroup = 63194701283A686400F6F05E;
			productRefGroup = 6319470B283A686400F6F05E /* Products */;
			projectDirPath = "";
			projectRoot = "";
			targets = (
				63194709283A686400F6F05E /* HaritalarUygulamasi */,
			);
		};
/* End PBXProject section */

/* Begin PBXResourcesBuildPhase section */
		63194708283A686400F6F05E /* Resources */ = {
			isa = PBXResourcesBuildPhase;
			buildActionMask = 2147483647;
			files = (
				6319471D283A686600F6F05E /* LaunchScreen.storyboard in Resources */,
				6319471A283A686600F6F05E /* Assets.xcassets in Resources */,
				63194715283A686400F6F05E /* Main.storyboard in Resources */,
			);
			runOnlyForDeploymentPostprocessing = 0;
		};
/* End PBXResourcesBuildPhase section */

/* Begin PBXSourcesBuildPhase section */
		63194706283A686400F6F05E /* Sources */ = {
			isa = PBXSourcesBuildPhase;
			buildActionMask = 2147483647;
			files = (
				63194712283A686400F6F05E /* MapsViewController.swift in Sources */,
				6319470E283A686400F6F05E /* AppDelegate.swift in Sources */,
				63194718283A686400F6F05E /* HaritalarUygulamasi.xcdatamodeld in Sources */,
				63194725283A83F100F6F05E /* ListViewController.swift in Sources */,
				63194710283A686400F6F05E /* SceneDelegate.swift in Sources */,
			);
			runOnlyForDeploymentPostprocessing = 0;
		};
/* End PBXSourcesBuildPhase section */

/* Begin PBXVariantGroup section */
		63194713283A686400F6F05E /* Main.storyboard */ = {
			isa = PBXVariantGroup;
			children = (
				63194714283A686400F6F05E /* Base */,
			);
			name = Main.storyboard;
			sourceTree = "<group>";
		};
		6319471B283A686600F6F05E /* LaunchScreen.storyboard */ = {
			isa = PBXVariantGroup;
			children = (
				6319471C283A686600F6F05E /* Base */,
			);
			name = LaunchScreen.storyboard;
			sourceTree = "<group>";
		};
/* End PBXVariantGroup section */

/* Begin XCBuildConfiguration section */
		6319471F283A686600F6F05E /* Debug */ = {
			isa = XCBuildConfiguration;
			buildSettings = {
				ALWAYS_SEARCH_USER_PATHS = NO;
				CLANG_ANALYZER_NONNULL = YES;
				CLANG_ANALYZER_NUMBER_OBJECT_CONVERSION = YES_AGGRESSIVE;
				CLANG_CXX_LANGUAGE_STANDARD = "gnu++17";
				CLANG_ENABLE_MODULES = YES;
				CLANG_ENABLE_OBJC_ARC = YES;
				CLANG_ENABLE_OBJC_WEAK = YES;
				CLANG_WARN_BLOCK_CAPTURE_AUTORELEASING = YES;
				CLANG_WARN_BOOL_CONVERSION = YES;
				CLANG_WARN_COMMA = YES;
				CLANG_WARN_CONSTANT_CONVERSION = YES;
				CLANG_WARN_DEPRECATED_OBJC_IMPLEMENTATIONS = YES;
				CLANG_WARN_DIRECT_OBJC_ISA_USAGE = YES_ERROR;
				CLANG_WARN_DOCUMENTATION_COMMENTS = YES;
				CLANG_WARN_EMPTY_BODY = YES;
				CLANG_WARN_ENUM_CONVERSION = YES;
				CLANG_WARN_INFINITE_RECURSION = YES;
				CLANG_WARN_INT_CONVERSION = YES;
				CLANG_WARN_NON_LITERAL_NULL_CONVERSION = YES;
				CLANG_WARN_OBJC_IMPLICIT_RETAIN_SELF = YES;
				CLANG_WARN_OBJC_LITERAL_CONVERSION = YES;
				CLANG_WARN_OBJC_ROOT_CLASS = YES_ERROR;
				CLANG_WARN_QUOTED_INCLUDE_IN_FRAMEWORK_HEADER = YES;
				CLANG_WARN_RANGE_LOOP_ANALYSIS = YES;
				CLANG_WARN_STRICT_PROTOTYPES = YES;
				CLANG_WARN_SUSPICIOUS_MOVE = YES;
				CLANG_WARN_UNGUARDED_AVAILABILITY = YES_AGGRESSIVE;
				CLANG_WARN_UNREACHABLE_CODE = YES;
				CLANG_WARN__DUPLICATE_METHOD_MATCH = YES;
				COPY_PHASE_STRIP = NO;
				DEBUG_INFORMATION_FORMAT = dwarf;
				ENABLE_STRICT_OBJC_MSGSEND = YES;
				ENABLE_TESTABILITY = YES;
				GCC_C_LANGUAGE_STANDARD = gnu11;
				GCC_DYNAMIC_NO_PIC = NO;
				GCC_NO_COMMON_BLOCKS = YES;
				GCC_OPTIMIZATION_LEVEL = 0;
				GCC_PREPROCESSOR_DEFINITIONS = (
					"DEBUG=1",
					"$(inherited)",
				);
				GCC_WARN_64_TO_32_BIT_CONVERSION = YES;
				GCC_WARN_ABOUT_RETURN_TYPE = YES_ERROR;
				GCC_WARN_UNDECLARED_SELECTOR = YES;
				GCC_WARN_UNINITIALIZED_AUTOS = YES_AGGRESSIVE;
				GCC_WARN_UNUSED_FUNCTION = YES;
				GCC_WARN_UNUSED_VARIABLE = YES;
				IPHONEOS_DEPLOYMENT_TARGET = 15.4;
				MTL_ENABLE_DEBUG_INFO = INCLUDE_SOURCE;
				MTL_FAST_MATH = YES;
				ONLY_ACTIVE_ARCH = YES;
				SDKROOT = iphoneos;
				SWIFT_ACTIVE_COMPILATION_CONDITIONS = DEBUG;
				SWIFT_OPTIMIZATION_LEVEL = "-Onone";
			};
			name = Debug;
		};
		63194720283A686600F6F05E /* Release */ = {
			isa = XCBuildConfiguration;
			buildSettings = {
				ALWAYS_SEARCH_USER_PATHS = NO;
				CLANG_ANALYZER_NONNULL = YES;
				CLANG_ANALYZER_NUMBER_OBJECT_CONVERSION = YES_AGGRESSIVE;
				CLANG_CXX_LANGUAGE_STANDARD = "gnu++17";
				CLANG_ENABLE_MODULES = YES;
				CLANG_ENABLE_OBJC_ARC = YES;
				CLANG_ENABLE_OBJC_WEAK = YES;
				CLANG_WARN_BLOCK_CAPTURE_AUTORELEASING = YES;
				CLANG_WARN_BOOL_CONVERSION = YES;
				CLANG_WARN_COMMA = YES;
				CLANG_WARN_CONSTANT_CONVERSION = YES;
				CLANG_WARN_DEPRECATED_OBJC_IMPLEMENTATIONS = YES;
				CLANG_WARN_DIRECT_OBJC_ISA_USAGE = YES_ERROR;
				CLANG_WARN_DOCUMENTATION_COMMENTS = YES;
				CLANG_WARN_EMPTY_BODY = YES;
				CLANG_WARN_ENUM_CONVERSION = YES;
				CLANG_WARN_INFINITE_RECURSION = YES;
				CLANG_WARN_INT_CONVERSION = YES;
				CLANG_WARN_NON_LITERAL_NULL_CONVERSION = YES;
				CLANG_WARN_OBJC_IMPLICIT_RETAIN_SELF = YES;
				CLANG_WARN_OBJC_LITERAL_CONVERSION = YES;
				CLANG_WARN_OBJC_ROOT_CLASS = YES_ERROR;
				CLANG_WARN_QUOTED_INCLUDE_IN_FRAMEWORK_HEADER = YES;
				CLANG_WARN_RANGE_LOOP_ANALYSIS = YES;
				CLANG_WARN_STRICT_PROTOTYPES = YES;
				CLANG_WARN_SUSPICIOUS_MOVE = YES;
				CLANG_WARN_UNGUARDED_AVAILABILITY = YES_AGGRESSIVE;
				CLANG_WARN_UNREACHABLE_CODE = YES;
				CLANG_WARN__DUPLICATE_METHOD_MATCH = YES;
				COPY_PHASE_STRIP = NO;
				DEBUG_INFORMATION_FORMAT = "dwarf-with-dsym";
				ENABLE_NS_ASSERTIONS = NO;
				ENABLE_STRICT_OBJC_MSGSEND = YES;
				GCC_C_LANGUAGE_STANDARD = gnu11;
				GCC_NO_COMMON_BLOCKS = YES;
				GCC_WARN_64_TO_32_BIT_CONVERSION = YES;
				GCC_WARN_ABOUT_RETURN_TYPE = YES_ERROR;
				GCC_WARN_UNDECLARED_SELECTOR = YES;
				GCC_WARN_UNINITIALIZED_AUTOS = YES_AGGRESSIVE;
				GCC_WARN_UNUSED_FUNCTION = YES;
				GCC_WARN_UNUSED_VARIABLE = YES;
				IPHONEOS_DEPLOYMENT_TARGET = 15.4;
				MTL_ENABLE_DEBUG_INFO = NO;
				MTL_FAST_MATH = YES;
				SDKROOT = iphoneos;
				SWIFT_COMPILATION_MODE = wholemodule;
				SWIFT_OPTIMIZATION_LEVEL = "-O";
				VALIDATE_PRODUCT = YES;
			};
			name = Release;
		};
		63194722283A686600F6F05E /* Debug */ = {
			isa = XCBuildConfiguration;
			buildSettings = {
				ASSETCATALOG_COMPILER_APPICON_NAME = AppIcon;
				ASSETCATALOG_COMPILER_GLOBAL_ACCENT_COLOR_NAME = AccentColor;
				CODE_SIGN_ENTITLEMENTS = HaritalarUygulamasi/HaritalarUygulamasi.entitlements;
				CODE_SIGN_STYLE = Automatic;
				CURRENT_PROJECT_VERSION = 1;
				DEVELOPMENT_TEAM = "";
				GENERATE_INFOPLIST_FILE = YES;
				INFOPLIST_FILE = HaritalarUygulamasi/Info.plist;
				INFOPLIST_KEY_UIApplicationSupportsIndirectInputEvents = YES;
				INFOPLIST_KEY_UILaunchStoryboardName = LaunchScreen;
				INFOPLIST_KEY_UIMainStoryboardFile = Main;
				INFOPLIST_KEY_UISupportedInterfaceOrientations_iPad = "UIInterfaceOrientationPortrait UIInterfaceOrientationPortraitUpsideDown UIInterfaceOrientationLandscapeLeft UIInterfaceOrientationLandscapeRight";
				INFOPLIST_KEY_UISupportedInterfaceOrientations_iPhone = "UIInterfaceOrientationPortrait UIInterfaceOrientationLandscapeLeft UIInterfaceOrientationLandscapeRight";
				LD_RUNPATH_SEARCH_PATHS = (
					"$(inherited)",
					"@executable_path/Frameworks",
				);
				MARKETING_VERSION = 1.0;
				PRODUCT_BUNDLE_IDENTIFIER = com.erenberkay.HaritalarUygulamasi;
				PRODUCT_NAME = "$(TARGET_NAME)";
				SWIFT_EMIT_LOC_STRINGS = YES;
				SWIFT_VERSION = 5.0;
				TARGETED_DEVICE_FAMILY = "1,2";
			};
			name = Debug;
		};
		63194723283A686600F6F05E /* Release */ = {
			isa = XCBuildConfiguration;
			buildSettings = {
				ASSETCATALOG_COMPILER_APPICON_NAME = AppIcon;
				ASSETCATALOG_COMPILER_GLOBAL_ACCENT_COLOR_NAME = AccentColor;
				CODE_SIGN_ENTITLEMENTS = HaritalarUygulamasi/HaritalarUygulamasi.entitlements;
				CODE_SIGN_STYLE = Automatic;
				CURRENT_PROJECT_VERSION = 1;
				DEVELOPMENT_TEAM = "";
				GENERATE_INFOPLIST_FILE = YES;
				INFOPLIST_FILE = HaritalarUygulamasi/Info.plist;
				INFOPLIST_KEY_UIApplicationSupportsIndirectInputEvents = YES;
				INFOPLIST_KEY_UILaunchStoryboardName = LaunchScreen;
				INFOPLIST_KEY_UIMainStoryboardFile = Main;
				INFOPLIST_KEY_UISupportedInterfaceOrientations_iPad = "UIInterfaceOrientationPortrait UIInterfaceOrientationPortraitUpsideDown UIInterfaceOrientationLandscapeLeft UIInterfaceOrientationLandscapeRight";
				INFOPLIST_KEY_UISupportedInterfaceOrientations_iPhone = "UIInterfaceOrientationPortrait UIInterfaceOrientationLandscapeLeft UIInterfaceOrientationLandscapeRight";
				LD_RUNPATH_SEARCH_PATHS = (
					"$(inherited)",
					"@executable_path/Frameworks",
				);
				MARKETING_VERSION = 1.0;
				PRODUCT_BUNDLE_IDENTIFIER = com.erenberkay.HaritalarUygulamasi;
				PRODUCT_NAME = "$(TARGET_NAME)";
				SWIFT_EMIT_LOC_STRINGS = YES;
				SWIFT_VERSION = 5.0;
				TARGETED_DEVICE_FAMILY = "1,2";
			};
			name = Release;
		};
/* End XCBuildConfiguration section */

/* Begin XCConfigurationList section */
		63194705283A686400F6F05E /* Build configuration list for PBXProject "HaritalarUygulamasi" */ = {
			isa = XCConfigurationList;
			buildConfigurations = (
				6319471F283A686600F6F05E /* Debug */,
				63194720283A686600F6F05E /* Release */,
			);
			defaultConfigurationIsVisible = 0;
			defaultConfigurationName = Release;
		};
		63194721283A686600F6F05E /* Build configuration list for PBXNativeTarget "HaritalarUygulamasi" */ = {
			isa = XCConfigurationList;
			buildConfigurations = (
				63194722283A686600F6F05E /* Debug */,
				63194723283A686600F6F05E /* Release */,
			);
			defaultConfigurationIsVisible = 0;
			defaultConfigurationName = Release;
		};
/* End XCConfigurationList section */

/* Begin XCVersionGroup section */
		63194716283A686400F6F05E /* HaritalarUygulamasi.xcdatamodeld */ = {
			isa = XCVersionGroup;
			children = (
				63194717283A686400F6F05E /* HaritalarUygulamasi.xcdatamodel */,
			);
			currentVersion = 63194717283A686400F6F05E /* HaritalarUygulamasi.xcdatamodel */;
			path = HaritalarUygulamasi.xcdatamodeld;
			sourceTree = "<group>";
			versionGroupType = wrapper.xcdatamodel;
		};
/* End XCVersionGroup section */
	};
	rootObject = 63194702283A686400F6F05E /* Project object */;
}
